// !$*UTF8*$!
{
	archiveVersion = 1;
	classes = {
	};
	objectVersion = 50;
	objects = {

/* Begin PBXBuildFile section */
		76A009EF26D206360031FAAA /* AppDelegate.swift in Sources */ = {isa = PBXBuildFile; fileRef = 76A009EE26D206360031FAAA /* AppDelegate.swift */; };
		76A009F126D206360031FAAA /* SceneDelegate.swift in Sources */ = {isa = PBXBuildFile; fileRef = 76A009F026D206360031FAAA /* SceneDelegate.swift */; };
		76A009F326D206360031FAAA /* ViewController.swift in Sources */ = {isa = PBXBuildFile; fileRef = 76A009F226D206360031FAAA /* ViewController.swift */; };
		76A009F626D206360031FAAA /* Main.storyboard in Resources */ = {isa = PBXBuildFile; fileRef = 76A009F426D206360031FAAA /* Main.storyboard */; };
		76A009F926D206360031FAAA /* Login_SignUP.xcdatamodeld in Sources */ = {isa = PBXBuildFile; fileRef = 76A009F726D206360031FAAA /* Login_SignUP.xcdatamodeld */; };
		76A009FB26D206370031FAAA /* Assets.xcassets in Resources */ = {isa = PBXBuildFile; fileRef = 76A009FA26D206370031FAAA /* Assets.xcassets */; };
		76A009FE26D206370031FAAA /* LaunchScreen.storyboard in Resources */ = {isa = PBXBuildFile; fileRef = 76A009FC26D206370031FAAA /* LaunchScreen.storyboard */; };
/* End PBXBuildFile section */

/* Begin PBXFileReference section */
		76A009EB26D206360031FAAA /* Login SignUP.app */ = {isa = PBXFileReference; explicitFileType = wrapper.application; includeInIndex = 0; path = "Login SignUP.app"; sourceTree = BUILT_PRODUCTS_DIR; };
		76A009EE26D206360031FAAA /* AppDelegate.swift */ = {isa = PBXFileReference; lastKnownFileType = sourcecode.swift; path = AppDelegate.swift; sourceTree = "<group>"; };
		76A009F026D206360031FAAA /* SceneDelegate.swift */ = {isa = PBXFileReference; lastKnownFileType = sourcecode.swift; path = SceneDelegate.swift; sourceTree = "<group>"; };
		76A009F226D206360031FAAA /* ViewController.swift */ = {isa = PBXFileReference; lastKnownFileType = sourcecode.swift; path = ViewController.swift; sourceTree = "<group>"; };
		76A009F526D206360031FAAA /* Base */ = {isa = PBXFileReference; lastKnownFileType = file.storyboard; name = Base; path = Base.lproj/Main.storyboard; sourceTree = "<group>"; };
		76A009F826D206360031FAAA /* Login_SignUP.xcdatamodel */ = {isa = PBXFileReference; lastKnownFileType = wrapper.xcdatamodel; path = Login_SignUP.xcdatamodel; sourceTree = "<group>"; };
		76A009FA26D206370031FAAA /* Assets.xcassets */ = {isa = PBXFileReference; lastKnownFileType = folder.assetcatalog; path = Assets.xcassets; sourceTree = "<group>"; };
		76A009FD26D206370031FAAA /* Base */ = {isa = PBXFileReference; lastKnownFileType = file.storyboard; name = Base; path = Base.lproj/LaunchScreen.storyboard; sourceTree = "<group>"; };
		76A009FF26D206370031FAAA /* Info.plist */ = {isa = PBXFileReference; lastKnownFileType = text.plist.xml; path = Info.plist; sourceTree = "<group>"; };
/* End PBXFileReference section */

/* Begin PBXFrameworksBuildPhase section */
		76A009E826D206360031FAAA /* Frameworks */ = {
			isa = PBXFrameworksBuildPhase;
			buildActionMask = 2147483647;
			files = (
			);
			runOnlyForDeploymentPostprocessing = 0;
		};
/* End PBXFrameworksBuildPhase section */

/* Begin PBXGroup section */
		76A009E226D206360031FAAA = {
			isa = PBXGroup;
			children = (
				76A009ED26D206360031FAAA /* Login SignUP */,
				76A009EC26D206360031FAAA /* Products */,
			);
			sourceTree = "<group>";
		};
		76A009EC26D206360031FAAA /* Products */ = {
			isa = PBXGroup;
			children = (
				76A009EB26D206360031FAAA /* Login SignUP.app */,
			);
			name = Products;
			sourceTree = "<group>";
		};
		76A009ED26D206360031FAAA /* Login SignUP */ = {
			isa = PBXGroup;
			children = (
				76A00A0A26D206730031FAAA /* Uitls */,
				76A00A0926D2066C0031FAAA /* Model */,
				76A00A0826D2066B0031FAAA /* View */,
				76A00A0626D206630031FAAA /* ViewModel */,
				76A00A0526D2065E0031FAAA /* Controller */,
				76A00A0B26D206B50031FAAA /* API */,
				76A009EE26D206360031FAAA /* AppDelegate.swift */,
				76A009F026D206360031FAAA /* SceneDelegate.swift */,
				76A009F226D206360031FAAA /* ViewController.swift */,
				76A009F426D206360031FAAA /* Main.storyboard */,
				76A009FA26D206370031FAAA /* Assets.xcassets */,
				76A009FC26D206370031FAAA /* LaunchScreen.storyboard */,
				76A009FF26D206370031FAAA /* Info.plist */,
				76A009F726D206360031FAAA /* Login_SignUP.xcdatamodeld */,
			);
			path = "Login SignUP";
			sourceTree = "<group>";
		};
		76A00A0526D2065E0031FAAA /* Controller */ = {
			isa = PBXGroup;
			children = (
			);
			path = Controller;
			sourceTree = "<group>";
		};
		76A00A0626D206630031FAAA /* ViewModel */ = {
			isa = PBXGroup;
			children = (
			);
			path = ViewModel;
			sourceTree = "<group>";
		};
		76A00A0826D2066B0031FAAA /* View */ = {
			isa = PBXGroup;
			children = (
			);
			path = View;
			sourceTree = "<group>";
		};
		76A00A0926D2066C0031FAAA /* Model */ = {
			isa = PBXGroup;
			children = (
			);
			path = Model;
			sourceTree = "<group>";
		};
		76A00A0A26D206730031FAAA /* Uitls */ = {
			isa = PBXGroup;
			children = (
			);
			path = Uitls;
			sourceTree = "<group>";
		};
		76A00A0B26D206B50031FAAA /* API */ = {
			isa = PBXGroup;
			children = (
			);
			path = API;
			sourceTree = "<group>";
		};
/* End PBXGroup section */

/* Begin PBXNativeTarget section */
		76A009EA26D206360031FAAA /* Login SignUP */ = {
			isa = PBXNativeTarget;
			buildConfigurationList = 76A00A0226D206370031FAAA /* Build configuration list for PBXNativeTarget "Login SignUP" */;
			buildPhases = (
				76A009E726D206360031FAAA /* Sources */,
				76A009E826D206360031FAAA /* Frameworks */,
				76A009E926D206360031FAAA /* Resources */,
			);
			buildRules = (
			);
			dependencies = (
			);
			name = "Login SignUP";
			productName = "Login SignUP";
			productReference = 76A009EB26D206360031FAAA /* Login SignUP.app */;
			productType = "com.apple.product-type.application";
		};
/* End PBXNativeTarget section */

/* Begin PBXProject section */
		76A009E326D206360031FAAA /* Project object */ = {
			isa = PBXProject;
			attributes = {
				LastSwiftUpdateCheck = 1250;
				LastUpgradeCheck = 1250;
				TargetAttributes = {
					76A009EA26D206360031FAAA = {
						CreatedOnToolsVersion = 12.5.1;
					};
				};
			};
			buildConfigurationList = 76A009E626D206360031FAAA /* Build configuration list for PBXProject "Login SignUP" */;
			compatibilityVersion = "Xcode 9.3";
			developmentRegion = en;
			hasScannedForEncodings = 0;
			knownRegions = (
				en,
				Base,
			);
			mainGroup = 76A009E226D206360031FAAA;
			productRefGroup = 76A009EC26D206360031FAAA /* Products */;
			projectDirPath = "";
			projectRoot = "";
			targets = (
				76A009EA26D206360031FAAA /* Login SignUP */,
			);
		};
/* End PBXProject section */

/* Begin PBXResourcesBuildPhase section */
		76A009E926D206360031FAAA /* Resources */ = {
			isa = PBXResourcesBuildPhase;
			buildActionMask = 2147483647;
			files = (
				76A009FE26D206370031FAAA /* LaunchScreen.storyboard in Resources */,
				76A009FB26D206370031FAAA /* Assets.xcassets in Resources */,
				76A009F626D206360031FAAA /* Main.storyboard in Resources */,
			);
			runOnlyForDeploymentPostprocessing = 0;
		};
/* End PBXResourcesBuildPhase section */

/* Begin PBXSourcesBuildPhase section */
		76A009E726D206360031FAAA /* Sources */ = {
			isa = PBXSourcesBuildPhase;
			buildActionMask = 2147483647;
			files = (
				76A009F326D206360031FAAA /* ViewController.swift in Sources */,
				76A009EF26D206360031FAAA /* AppDelegate.swift in Sources */,
				76A009F126D206360031FAAA /* SceneDelegate.swift in Sources */,
				76A009F926D206360031FAAA /* Login_SignUP.xcdatamodeld in Sources */,
			);
			runOnlyForDeploymentPostprocessing = 0;
		};
/* End PBXSourcesBuildPhase section */

/* Begin PBXVariantGroup section */
		76A009F426D206360031FAAA /* Main.storyboard */ = {
			isa = PBXVariantGroup;
			children = (
				76A009F526D206360031FAAA /* Base */,
			);
			name = Main.storyboard;
			sourceTree = "<group>";
		};
		76A009FC26D206370031FAAA /* LaunchScreen.storyboard */ = {
			isa = PBXVariantGroup;
			children = (
				76A009FD26D206370031FAAA /* Base */,
			);
			name = LaunchScreen.storyboard;
			sourceTree = "<group>";
		};
/* End PBXVariantGroup section */

/* Begin XCBuildConfiguration section */
		76A00A0026D206370031FAAA /* Debug */ = {
			isa = XCBuildConfiguration;
			buildSettings = {
				ALWAYS_SEARCH_USER_PATHS = NO;
				CLANG_ANALYZER_NONNULL = YES;
				CLANG_ANALYZER_NUMBER_OBJECT_CONVERSION = YES_AGGRESSIVE;
				CLANG_CXX_LANGUAGE_STANDARD = "gnu++14";
				CLANG_CXX_LIBRARY = "libc++";
				CLANG_ENABLE_MODULES = YES;
				CLANG_ENABLE_OBJC_ARC = YES;
				CLANG_ENABLE_OBJC_WEAK = YES;
				CLANG_WARN_BLOCK_CAPTURE_AUTORELEASING = YES;
				CLANG_WARN_BOOL_CONVERSION = YES;
				CLANG_WARN_COMMA = YES;
				CLANG_WARN_CONSTANT_CONVERSION = YES;
				CLANG_WARN_DEPRECATED_OBJC_IMPLEMENTATIONS = YES;
				CLANG_WARN_DIRECT_OBJC_ISA_USAGE = YES_ERROR;
				CLANG_WARN_DOCUMENTATION_COMMENTS = YES;
				CLANG_WARN_EMPTY_BODY = YES;
				CLANG_WARN_ENUM_CONVERSION = YES;
				CLANG_WARN_INFINITE_RECURSION = YES;
				CLANG_WARN_INT_CONVERSION = YES;
				CLANG_WARN_NON_LITERAL_NULL_CONVERSION = YES;
				CLANG_WARN_OBJC_IMPLICIT_RETAIN_SELF = YES;
				CLANG_WARN_OBJC_LITERAL_CONVERSION = YES;
				CLANG_WARN_OBJC_ROOT_CLASS = YES_ERROR;
				CLANG_WARN_QUOTED_INCLUDE_IN_FRAMEWORK_HEADER = YES;
				CLANG_WARN_RANGE_LOOP_ANALYSIS = YES;
				CLANG_WARN_STRICT_PROTOTYPES = YES;
				CLANG_WARN_SUSPICIOUS_MOVE = YES;
				CLANG_WARN_UNGUARDED_AVAILABILITY = YES_AGGRESSIVE;
				CLANG_WARN_UNREACHABLE_CODE = YES;
				CLANG_WARN__DUPLICATE_METHOD_MATCH = YES;
				COPY_PHASE_STRIP = NO;
				DEBUG_INFORMATION_FORMAT = dwarf;
				ENABLE_STRICT_OBJC_MSGSEND = YES;
				ENABLE_TESTABILITY = YES;
				GCC_C_LANGUAGE_STANDARD = gnu11;
				GCC_DYNAMIC_NO_PIC = NO;
				GCC_NO_COMMON_BLOCKS = YES;
				GCC_OPTIMIZATION_LEVEL = 0;
				GCC_PREPROCESSOR_DEFINITIONS = (
					"DEBUG=1",
					"$(inherited)",
				);
				GCC_WARN_64_TO_32_BIT_CONVERSION = YES;
				GCC_WARN_ABOUT_RETURN_TYPE = YES_ERROR;
				GCC_WARN_UNDECLARED_SELECTOR = YES;
				GCC_WARN_UNINITIALIZED_AUTOS = YES_AGGRESSIVE;
				GCC_WARN_UNUSED_FUNCTION = YES;
				GCC_WARN_UNUSED_VARIABLE = YES;
				IPHONEOS_DEPLOYMENT_TARGET = 14.5;
				MTL_ENABLE_DEBUG_INFO = INCLUDE_SOURCE;
				MTL_FAST_MATH = YES;
				ONLY_ACTIVE_ARCH = YES;
				SDKROOT = iphoneos;
				SWIFT_ACTIVE_COMPILATION_CONDITIONS = DEBUG;
				SWIFT_OPTIMIZATION_LEVEL = "-Onone";
			};
			name = Debug;
		};
		76A00A0126D206370031FAAA /* Release */ = {
			isa = XCBuildConfiguration;
			buildSettings = {
				ALWAYS_SEARCH_USER_PATHS = NO;
				CLANG_ANALYZER_NONNULL = YES;
				CLANG_ANALYZER_NUMBER_OBJECT_CONVERSION = YES_AGGRESSIVE;
				CLANG_CXX_LANGUAGE_STANDARD = "gnu++14";
				CLANG_CXX_LIBRARY = "libc++";
				CLANG_ENABLE_MODULES = YES;
				CLANG_ENABLE_OBJC_ARC = YES;
				CLANG_ENABLE_OBJC_WEAK = YES;
				CLANG_WARN_BLOCK_CAPTURE_AUTORELEASING = YES;
				CLANG_WARN_BOOL_CONVERSION = YES;
				CLANG_WARN_COMMA = YES;
				CLANG_WARN_CONSTANT_CONVERSION = YES;
				CLANG_WARN_DEPRECATED_OBJC_IMPLEMENTATIONS = YES;
				CLANG_WARN_DIRECT_OBJC_ISA_USAGE = YES_ERROR;
				CLANG_WARN_DOCUMENTATION_COMMENTS = YES;
				CLANG_WARN_EMPTY_BODY = YES;
				CLANG_WARN_ENUM_CONVERSION = YES;
				CLANG_WARN_INFINITE_RECURSION = YES;
				CLANG_WARN_INT_CONVERSION = YES;
				CLANG_WARN_NON_LITERAL_NULL_CONVERSION = YES;
				CLANG_WARN_OBJC_IMPLICIT_RETAIN_SELF = YES;
				CLANG_WARN_OBJC_LITERAL_CONVERSION = YES;
				CLANG_WARN_OBJC_ROOT_CLASS = YES_ERROR;
				CLANG_WARN_QUOTED_INCLUDE_IN_FRAMEWORK_HEADER = YES;
				CLANG_WARN_RANGE_LOOP_ANALYSIS = YES;
				CLANG_WARN_STRICT_PROTOTYPES = YES;
				CLANG_WARN_SUSPICIOUS_MOVE = YES;
				CLANG_WARN_UNGUARDED_AVAILABILITY = YES_AGGRESSIVE;
				CLANG_WARN_UNREACHABLE_CODE = YES;
				CLANG_WARN__DUPLICATE_METHOD_MATCH = YES;
				COPY_PHASE_STRIP = NO;
				DEBUG_INFORMATION_FORMAT = "dwarf-with-dsym";
				ENABLE_NS_ASSERTIONS = NO;
				ENABLE_STRICT_OBJC_MSGSEND = YES;
				GCC_C_LANGUAGE_STANDARD = gnu11;
				GCC_NO_COMMON_BLOCKS = YES;
				GCC_WARN_64_TO_32_BIT_CONVERSION = YES;
				GCC_WARN_ABOUT_RETURN_TYPE = YES_ERROR;
				GCC_WARN_UNDECLARED_SELECTOR = YES;
				GCC_WARN_UNINITIALIZED_AUTOS = YES_AGGRESSIVE;
				GCC_WARN_UNUSED_FUNCTION = YES;
				GCC_WARN_UNUSED_VARIABLE = YES;
				IPHONEOS_DEPLOYMENT_TARGET = 14.5;
				MTL_ENABLE_DEBUG_INFO = NO;
				MTL_FAST_MATH = YES;
				SDKROOT = iphoneos;
				SWIFT_COMPILATION_MODE = wholemodule;
				SWIFT_OPTIMIZATION_LEVEL = "-O";
				VALIDATE_PRODUCT = YES;
			};
			name = Release;
		};
		76A00A0326D206370031FAAA /* Debug */ = {
			isa = XCBuildConfiguration;
			buildSettings = {
				ASSETCATALOG_COMPILER_APPICON_NAME = AppIcon;
				ASSETCATALOG_COMPILER_GLOBAL_ACCENT_COLOR_NAME = AccentColor;
				CODE_SIGN_STYLE = Automatic;
				DEVELOPMENT_TEAM = 8799W36SG3;
				INFOPLIST_FILE = "Login SignUP/Info.plist";
				LD_RUNPATH_SEARCH_PATHS = (
					"$(inherited)",
					"@executable_path/Frameworks",
				);
				PRODUCT_BUNDLE_IDENTIFIER = "com.joon.Login-SignUP";
				PRODUCT_NAME = "$(TARGET_NAME)";
				SWIFT_VERSION = 5.0;
				TARGETED_DEVICE_FAMILY = "1,2";
			};
			name = Debug;
		};
		76A00A0426D206370031FAAA /* Release */ = {
			isa = XCBuildConfiguration;
			buildSettings = {
				ASSETCATALOG_COMPILER_APPICON_NAME = AppIcon;
				ASSETCATALOG_COMPILER_GLOBAL_ACCENT_COLOR_NAME = AccentColor;
				CODE_SIGN_STYLE = Automatic;
				DEVELOPMENT_TEAM = 8799W36SG3;
				INFOPLIST_FILE = "Login SignUP/Info.plist";
				LD_RUNPATH_SEARCH_PATHS = (
					"$(inherited)",
					"@executable_path/Frameworks",
				);
				PRODUCT_BUNDLE_IDENTIFIER = "com.joon.Login-SignUP";
				PRODUCT_NAME = "$(TARGET_NAME)";
				SWIFT_VERSION = 5.0;
				TARGETED_DEVICE_FAMILY = "1,2";
			};
			name = Release;
		};
/* End XCBuildConfiguration section */

/* Begin XCConfigurationList section */
		76A009E626D206360031FAAA /* Build configuration list for PBXProject "Login SignUP" */ = {
			isa = XCConfigurationList;
			buildConfigurations = (
				76A00A0026D206370031FAAA /* Debug */,
				76A00A0126D206370031FAAA /* Release */,
			);
			defaultConfigurationIsVisible = 0;
			defaultConfigurationName = Release;
		};
		76A00A0226D206370031FAAA /* Build configuration list for PBXNativeTarget "Login SignUP" */ = {
			isa = XCConfigurationList;
			buildConfigurations = (
				76A00A0326D206370031FAAA /* Debug */,
				76A00A0426D206370031FAAA /* Release */,
			);
			defaultConfigurationIsVisible = 0;
			defaultConfigurationName = Release;
		};
/* End XCConfigurationList section */

/* Begin XCVersionGroup section */
		76A009F726D206360031FAAA /* Login_SignUP.xcdatamodeld */ = {
			isa = XCVersionGroup;
			children = (
				76A009F826D206360031FAAA /* Login_SignUP.xcdatamodel */,
			);
			currentVersion = 76A009F826D206360031FAAA /* Login_SignUP.xcdatamodel */;
			path = Login_SignUP.xcdatamodeld;
			sourceTree = "<group>";
			versionGroupType = wrapper.xcdatamodel;
		};
/* End XCVersionGroup section */
	};
	rootObject = 76A009E326D206360031FAAA /* Project object */;
}
